{
  "version": 4,
  "terraform_version": "1.10.5",
  "serial": 39,
  "lineage": "eebca45f-d9d1-9a64-63ce-aaea6102a3f7",
  "outputs": {
    "server_ips": {
      "value": [
        "65.21.1.184",
        "65.21.59.83",
        "135.181.202.176",
        "95.217.130.65",
        "135.181.254.122"
      ],
      "type": [
        "tuple",
        [
          "string",
          "string",
          "string",
          "string",
          "string"
        ]
      ]
    }
  },
  "resources": [
    {
      "mode": "data",
      "type": "hcloud_image",
      "name": "ubuntu",
      "provider": "provider[\"registry.terraform.io/hetznercloud/hcloud\"]",
      "instances": [
        {
          "schema_version": 0,
          "attributes": {
            "created": "2024-04-25T13:26:27Z",
            "deprecated": null,
            "description": "Ubuntu 24.04",
            "id": 161547269,
            "labels": {},
            "most_recent": true,
            "name": "ubuntu-24.04",
            "os_flavor": "ubuntu",
            "os_version": "24.04",
            "rapid_deploy": true,
            "selector": null,
            "type": "system",
            "with_selector": null,
            "with_status": null
          },
          "sensitive_attributes": []
        }
      ]
    },
    {
      "mode": "managed",
      "type": "hcloud_server",
      "name": "vpn_servers",
      "provider": "provider[\"registry.terraform.io/hetznercloud/hcloud\"]",
      "instances": [
        {
          "index_key": 0,
          "schema_version": 0,
          "attributes": {
            "allow_deprecated_images": false,
            "backup_window": "",
            "backups": false,
            "datacenter": "hel1-dc2",
            "delete_protection": false,
            "firewall_ids": [],
            "id": "60714003",
            "ignore_remote_firewall_ids": false,
            "image": "ubuntu-24.04",
            "ipv4_address": "65.21.1.184",
            "ipv6_address": "2a01:4f9:c012:88f2::1",
            "ipv6_network": "2a01:4f9:c012:88f2::/64",
            "iso": null,
            "keep_disk": false,
            "labels": null,
            "location": "hel1",
            "name": "server1",
            "network": [],
            "placement_group_id": null,
            "public_net": [],
            "rebuild_protection": false,
            "rescue": null,
            "server_type": "cpx21",
            "ssh_keys": [
              "27693720"
            ],
            "status": "running",
            "timeouts": null,
            "user_data": "NoJJy6ZvxYHrxI7pjbWZPXlfS7E="
          },
          "sensitive_attributes": [],
          "private": "eyJlMmJmYjczMC1lY2FhLTExZTYtOGY4OC0zNDM2M2JjN2M0YzAiOnsiY3JlYXRlIjo1NDAwMDAwMDAwMDAwfX0=",
          "dependencies": [
            "data.hcloud_image.ubuntu",
            "hcloud_ssh_key.deploy_key"
          ]
        },
        {
          "index_key": 1,
          "schema_version": 0,
          "attributes": {
            "allow_deprecated_images": false,
            "backup_window": "",
            "backups": false,
            "datacenter": "hel1-dc2",
            "delete_protection": false,
            "firewall_ids": [],
            "id": "60714001",
            "ignore_remote_firewall_ids": false,
            "image": "ubuntu-24.04",
            "ipv4_address": "65.21.59.83",
            "ipv6_address": "2a01:4f9:c012:7d39::1",
            "ipv6_network": "2a01:4f9:c012:7d39::/64",
            "iso": null,
            "keep_disk": false,
            "labels": null,
            "location": "hel1",
            "name": "server2",
            "network": [],
            "placement_group_id": null,
            "public_net": [],
            "rebuild_protection": false,
            "rescue": null,
            "server_type": "cpx21",
            "ssh_keys": [
              "27693720"
            ],
            "status": "running",
            "timeouts": null,
            "user_data": "GY7xgOCoUH7m+FN5kIjh3msoBz4="
          },
          "sensitive_attributes": [],
          "private": "eyJlMmJmYjczMC1lY2FhLTExZTYtOGY4OC0zNDM2M2JjN2M0YzAiOnsiY3JlYXRlIjo1NDAwMDAwMDAwMDAwfX0=",
          "dependencies": [
            "data.hcloud_image.ubuntu",
            "hcloud_ssh_key.deploy_key"
          ]
        },
        {
          "index_key": 2,
          "schema_version": 0,
          "attributes": {
            "allow_deprecated_images": false,
            "backup_window": "",
            "backups": false,
            "datacenter": "hel1-dc2",
            "delete_protection": false,
            "firewall_ids": [],
            "id": "60714000",
            "ignore_remote_firewall_ids": false,
            "image": "ubuntu-24.04",
            "ipv4_address": "135.181.202.176",
            "ipv6_address": "2a01:4f9:c010:d11f::1",
            "ipv6_network": "2a01:4f9:c010:d11f::/64",
            "iso": null,
            "keep_disk": false,
            "labels": null,
            "location": "hel1",
            "name": "server3",
            "network": [],
            "placement_group_id": null,
            "public_net": [],
            "rebuild_protection": false,
            "rescue": null,
            "server_type": "cpx21",
            "ssh_keys": [
              "27693720"
            ],
            "status": "running",
            "timeouts": null,
            "user_data": "Mds5WEnzaNbd5Ab2iW/yf5gIyk8="
          },
          "sensitive_attributes": [],
          "private": "eyJlMmJmYjczMC1lY2FhLTExZTYtOGY4OC0zNDM2M2JjN2M0YzAiOnsiY3JlYXRlIjo1NDAwMDAwMDAwMDAwfX0=",
          "dependencies": [
            "data.hcloud_image.ubuntu",
            "hcloud_ssh_key.deploy_key"
          ]
        },
        {
          "index_key": 3,
          "schema_version": 0,
          "attributes": {
            "allow_deprecated_images": false,
            "backup_window": "",
            "backups": false,
            "datacenter": "hel1-dc2",
            "delete_protection": false,
            "firewall_ids": [],
            "id": "60714004",
            "ignore_remote_firewall_ids": false,
            "image": "ubuntu-24.04",
            "ipv4_address": "95.217.130.65",
            "ipv6_address": "2a01:4f9:c012:9721::1",
            "ipv6_network": "2a01:4f9:c012:9721::/64",
            "iso": null,
            "keep_disk": false,
            "labels": null,
            "location": "hel1",
            "name": "server4",
            "network": [],
            "placement_group_id": null,
            "public_net": [],
            "rebuild_protection": false,
            "rescue": null,
            "server_type": "cpx21",
            "ssh_keys": [
              "27693720"
            ],
            "status": "running",
            "timeouts": null,
            "user_data": "GEVClSH9qIzsB/+QoffOX3lp5TQ="
          },
          "sensitive_attributes": [],
          "private": "eyJlMmJmYjczMC1lY2FhLTExZTYtOGY4OC0zNDM2M2JjN2M0YzAiOnsiY3JlYXRlIjo1NDAwMDAwMDAwMDAwfX0=",
          "dependencies": [
            "data.hcloud_image.ubuntu",
            "hcloud_ssh_key.deploy_key"
          ]
        },
        {
          "index_key": 4,
          "schema_version": 0,
          "attributes": {
            "allow_deprecated_images": false,
            "backup_window": "",
            "backups": false,
            "datacenter": "hel1-dc2",
            "delete_protection": false,
            "firewall_ids": [],
            "id": "60714002",
            "ignore_remote_firewall_ids": false,
            "image": "ubuntu-24.04",
            "ipv4_address": "135.181.254.122",
            "ipv6_address": "2a01:4f9:c013:f08::1",
            "ipv6_network": "2a01:4f9:c013:f08::/64",
            "iso": null,
            "keep_disk": false,
            "labels": null,
            "location": "hel1",
            "name": "server5",
            "network": [],
            "placement_group_id": null,
            "public_net": [],
            "rebuild_protection": false,
            "rescue": null,
            "server_type": "cpx21",
            "ssh_keys": [
              "27693720"
            ],
            "status": "running",
            "timeouts": null,
            "user_data": "GEVClSH9qIzsB/+QoffOX3lp5TQ="
          },
          "sensitive_attributes": [],
          "private": "eyJlMmJmYjczMC1lY2FhLTExZTYtOGY4OC0zNDM2M2JjN2M0YzAiOnsiY3JlYXRlIjo1NDAwMDAwMDAwMDAwfX0=",
          "dependencies": [
            "data.hcloud_image.ubuntu",
            "hcloud_ssh_key.deploy_key"
          ]
        }
      ]
    },
    {
      "mode": "managed",
      "type": "hcloud_ssh_key",
      "name": "deploy_key",
      "provider": "provider[\"registry.terraform.io/hetznercloud/hcloud\"]",
      "instances": [
        {
          "schema_version": 0,
          "attributes": {
            "fingerprint": "08:10:00:7d:4d:6a:27:88:aa:3f:36:97:ea:bb:0d:ee",
            "id": "27693720",
            "labels": null,
            "name": "deploy-key",
            "public_key": "ssh-rsa AAAAB3NzaC1yc2EAAAADAQABAAACAQDavdPPu1NThRQeh54pCwqrtd9K5BzBPRShlFfvNtqMnADb9SDsr6MffdqNKwk0U+z0ttHTw0ysjVOT+NeQG6C4wS/lHsHemzk0NHM+TNtZoQHAYtCT19XUzOgTfRCA6UWD0o9sjEhRHSMmf5mq5c4zpZhUdRXr5EUI3IDXzuNHiAHBbq7tLsss9msVX7ewfNc6wTMjtV+8SR0Ebv18H9kCahnX+iAEdjmMOe+Jobl+O1WVjo5eyIHVV+/uGdKf8KkYkyEtCvUT/I8zF5UxEj94CbMJ5ASc7GVds2YVrhnaOO3sl9ueGhODIG6aXEvCRYgtinbeLueqDINgGro2LxVa4N/sX88FkEqtRA7Te47nwaoWkrBIW9d1PlLAj8tTKlLItagOw0p9I1LoH76EMBF8k0Udf3qaqdGYDDw1hgRGZ/nNrsFsxNd6RRo+ABfWkTwSi1d1J8SMeAZQOZzBTlW2sxuZAFpPxrzve/Of59BaKUA4OBiBUC2ByeYrNHT4kytfmj6b3FynjA4hk/VQQYbAzc9lv+7vMTeFoALTlC/zrTG19tR0WOAa6CIPoBefC/mvHE9L/fRF3nnqIaGFZTdUyEsqMOv6RCeUq7FsTyCC6QHp1X9RzGztgIAb9eZtKrsqGA9Xw5WQnJD5jBdC7SjT0kOK7A/2MHTPhaLb+84D/w== mirza.cerim@outlook.com"
          },
          "sensitive_attributes": [],
          "private": "bnVsbA=="
        }
      ]
    }
  ],
  "check_results": null
}
